
Microsoft Visual Studio Solution File, Format Version 12.00
# Visual Studio Version 16
VisualStudioVersion = 16.0.808.4
MinimumVisualStudioVersion = 10.0.40219.1
Project("{FAE04EC0-301F-11D3-BF4B-00C04F79EFBC}") = "COMP1004SPA", "COMP1004SPA\COMP1004SPA.csproj", "{3BBD0DFB-F555-4804-B09F-311692813CB6}"
EndProject
Global
	GlobalSection(SolutionConfigurationPlatforms) = preSolution
		Debug|Any CPU = Debug|Any CPU
		Release|Any CPU = Release|Any CPU
	EndGlobalSection
	GlobalSection(ProjectConfigurationPlatforms) = postSolution
		{3BBD0DFB-F555-4804-B09F-311692813CB6}.Debug|Any CPU.ActiveCfg = Debug|Any CPU
		{3BBD0DFB-F555-4804-B09F-311692813CB6}.Debug|Any CPU.Build.0 = Debug|Any CPU
		{3BBD0DFB-F555-4804-B09F-311692813CB6}.Release|Any CPU.ActiveCfg = Release|Any CPU
		{3BBD0DFB-F555-4804-B09F-311692813CB6}.Release|Any CPU.Build.0 = Release|Any CPU
	EndGlobalSection
	GlobalSection(SolutionProperties) = preSolution
		HideSolutionNode = FALSE
	EndGlobalSection
	GlobalSection(ExtensibilityGlobals) = postSolution
		SolutionGuid = {CAE50B88-62BD-42E6-9656-B6A83842E531}
	EndGlobalSection
EndGlobal
